NeoBundleLock better-indent-support-for-php-with-html e907f07b53dd6d6b7b2f6956cd18202ef3f26c24
NeoBundleLock deoplete.nvim 49151bc9f7a52b02e5aac5eb76bbb80ba81e3726
NeoBundleLock html5.vim 7c9f6f38ce4f9d35db7eeedb764035b6b63922c6
NeoBundleLock neco-look 4d7f1fd7e406c302fba2a1358017c5a76d0f9fc1
NeoBundleLock neobundle.vim b32570b3ce7c0019b1bbf786ee7a41139c94ac0b
NeoBundleLock nvim-yarp b710bf4daccb603a423754794fb446e5fbb59576
NeoBundleLock open-browser.vim d6f1784685abdd86500fdb5fa2fbaf2aab833f18
NeoBundleLock plantuml-syntax a26961c0b729c6ec4d40a08d30e1c4256964744b
NeoBundleLock previm 0bc7677d492f75eff60757496c899b00e8a3855f
NeoBundleLock ref-dicts-en e7163ef5951e0375c4f8e2c3b61a6a07477667eb
NeoBundleLock vim-altercmd 69b471b3b215bbebd2580d1663dc811f9a09b25a
NeoBundleLock vim-coffee-script 28421258a8dde5a50deafbfc19cd9873cacfaa79
NeoBundleLock vim-css3-syntax 4a3c90092dee4381f80219974f3d2099e6fb2050
NeoBundleLock vim-easy-align 12dd6316974f71ce333e360c0260b4e1f81169c3
NeoBundleLock vim-easymotion d75d9591e415652b25d9e0a3669355550325263d
NeoBundleLock vim-fugitive a7c54990f031ab93b556ceb25c5afb8a45c3311a
NeoBundleLock vim-hug-neovim-rpc 93ae38792bc197c3bdffa2716ae493c67a5e7957
NeoBundleLock vim-indent-guides 54d889a63716ee2f1818aa2ec5082db47147147b
NeoBundleLock vim-json 3727f089410e23ae113be6222e8a08dd2613ecf2
NeoBundleLock vim-licenses 63a7c392352a2b834e1fd8d78f2b5b6d3e1f37bc
NeoBundleLock vim-markdown 772de97c97d37e5e22d7bd6884b17b858a687bc2
NeoBundleLock vim-monster cdd104c8568c5fda52c6f164f97f48ddfdbd632c
NeoBundleLock vim-rails 3b3796352a6f1a68e54e5f7ae5e0c1b9103fab0e
NeoBundleLock vim-ref c452d2ce084a972c5af03827519aada799fd0b06
NeoBundleLock vim-ref-ri be7057de4a039969738108234463fc2ad6dae1a0
NeoBundleLock vim-ruby 482e2cec5a742920eddf644f2f1efcb15f03967c
NeoBundleLock vim-slim f0758ea1c585d53b9c239177a8b891d8bbbb6fbb
NeoBundleLock vim-smartinput 7b4c79803d773b9ab8184c070a22bc782e8fb424
NeoBundleLock vim-smartinput-endwise 1a48170764cc5fe84e3a84e4213185cb69268761
NeoBundleLock vimproc 8f40d86ab938d5df8c1c9824320621ae9f0d5609
NeoBundleLock vimshell.vim ee683538f57aaf5094db9860f67f4957a763ffb4
NeoBundleLock webapi-vim b09cbd3a27157a5baf0468403b392f577adefe45
